
Microsoft Visual Studio Solution File, Format Version 12.00
# Visual Studio Version 16
VisualStudioVersion = 16.0.31624.102
MinimumVisualStudioVersion = 10.0.40219.1
Project("{9A19103F-16F7-4668-BE54-9A1E7A4F7556}") = "Avansist.DAL", "Avansist.DAL\Avansist.DAL.csproj", "{92A38685-F6F5-4118-A2AC-9B62770C0926}"
EndProject
Project("{9A19103F-16F7-4668-BE54-9A1E7A4F7556}") = "Avansist.Models", "Avansist.Models\Avansist.Models.csproj", "{651522CA-C138-4C5C-876B-A3E08B6695A9}"
EndProject
Project("{9A19103F-16F7-4668-BE54-9A1E7A4F7556}") = "Avansist.Services", "Avansist.Services\Avansist.Services.csproj", "{34A284B2-241D-43BA-A3E5-7998EAA4F83C}"
EndProject
Project("{9A19103F-16F7-4668-BE54-9A1E7A4F7556}") = "Avansist.Web", "Avansist.Web\Avansist.Web.csproj", "{2552999F-4415-4230-84B2-C8C5228C1A64}"
EndProject
Global
	GlobalSection(SolutionConfigurationPlatforms) = preSolution
		Debug|Any CPU = Debug|Any CPU
		Release|Any CPU = Release|Any CPU
	EndGlobalSection
	GlobalSection(ProjectConfigurationPlatforms) = postSolution
		{92A38685-F6F5-4118-A2AC-9B62770C0926}.Debug|Any CPU.ActiveCfg = Debug|Any CPU
		{92A38685-F6F5-4118-A2AC-9B62770C0926}.Debug|Any CPU.Build.0 = Debug|Any CPU
		{92A38685-F6F5-4118-A2AC-9B62770C0926}.Release|Any CPU.ActiveCfg = Release|Any CPU
		{92A38685-F6F5-4118-A2AC-9B62770C0926}.Release|Any CPU.Build.0 = Release|Any CPU
		{651522CA-C138-4C5C-876B-A3E08B6695A9}.Debug|Any CPU.ActiveCfg = Debug|Any CPU
		{651522CA-C138-4C5C-876B-A3E08B6695A9}.Debug|Any CPU.Build.0 = Debug|Any CPU
		{651522CA-C138-4C5C-876B-A3E08B6695A9}.Release|Any CPU.ActiveCfg = Release|Any CPU
		{651522CA-C138-4C5C-876B-A3E08B6695A9}.Release|Any CPU.Build.0 = Release|Any CPU
		{34A284B2-241D-43BA-A3E5-7998EAA4F83C}.Debug|Any CPU.ActiveCfg = Debug|Any CPU
		{34A284B2-241D-43BA-A3E5-7998EAA4F83C}.Debug|Any CPU.Build.0 = Debug|Any CPU
		{34A284B2-241D-43BA-A3E5-7998EAA4F83C}.Release|Any CPU.ActiveCfg = Release|Any CPU
		{34A284B2-241D-43BA-A3E5-7998EAA4F83C}.Release|Any CPU.Build.0 = Release|Any CPU
		{2552999F-4415-4230-84B2-C8C5228C1A64}.Debug|Any CPU.ActiveCfg = Debug|Any CPU
		{2552999F-4415-4230-84B2-C8C5228C1A64}.Debug|Any CPU.Build.0 = Debug|Any CPU
		{2552999F-4415-4230-84B2-C8C5228C1A64}.Release|Any CPU.ActiveCfg = Release|Any CPU
		{2552999F-4415-4230-84B2-C8C5228C1A64}.Release|Any CPU.Build.0 = Release|Any CPU
	EndGlobalSection
	GlobalSection(SolutionProperties) = preSolution
		HideSolutionNode = FALSE
	EndGlobalSection
	GlobalSection(ExtensibilityGlobals) = postSolution
		SolutionGuid = {885D5494-24E3-4ADF-B0D8-B8A7C5525292}
	EndGlobalSection
EndGlobal
